
Microsoft Visual Studio Solution File, Format Version 12.00
# Visual Studio 15
VisualStudioVersion = 15.0.27703.2026
MinimumVisualStudioVersion = 10.0.40219.1
Project("{FAE04EC0-301F-11D3-BF4B-00C04F79EFBC}") = "KPK_CalcSite", "KPK_CalcSite\KPK_CalcSite.csproj", "{8E1CC702-A55C-4CBB-BD77-FC1BEC3C26A4}"
EndProject
Global
	GlobalSection(SolutionConfigurationPlatforms) = preSolution
		Debug|Any CPU = Debug|Any CPU
		Release|Any CPU = Release|Any CPU
	EndGlobalSection
	GlobalSection(ProjectConfigurationPlatforms) = postSolution
		{8E1CC702-A55C-4CBB-BD77-FC1BEC3C26A4}.Debug|Any CPU.ActiveCfg = Debug|Any CPU
		{8E1CC702-A55C-4CBB-BD77-FC1BEC3C26A4}.Debug|Any CPU.Build.0 = Debug|Any CPU
		{8E1CC702-A55C-4CBB-BD77-FC1BEC3C26A4}.Release|Any CPU.ActiveCfg = Release|Any CPU
		{8E1CC702-A55C-4CBB-BD77-FC1BEC3C26A4}.Release|Any CPU.Build.0 = Release|Any CPU
	EndGlobalSection
	GlobalSection(SolutionProperties) = preSolution
		HideSolutionNode = FALSE
	EndGlobalSection
	GlobalSection(ExtensibilityGlobals) = postSolution
		SolutionGuid = {8AA5C1F3-415F-4006-B6F2-726FA5A552C9}
	EndGlobalSection
EndGlobal
